// !$*UTF8*$!
{
	archiveVersion = 1;
	classes = {
	};
	objectVersion = 50;
	objects = {

/* Begin PBXBuildFile section */
		619F6FD1DA2923569A11D3C5 /* Pods_Foodie_Fun.framework in Frameworks */ = {isa = PBXBuildFile; fileRef = 4E4E5EE124BEE48EC0FBF0D1 /* Pods_Foodie_Fun.framework */; };
		6393029723158F8900B899F3 /* Onboarding.storyboard in Resources */ = {isa = PBXBuildFile; fileRef = 6393029623158F8900B899F3 /* Onboarding.storyboard */; };
		63930299231590F600B899F3 /* Account.storyboard in Resources */ = {isa = PBXBuildFile; fileRef = 63930298231590F600B899F3 /* Account.storyboard */; };
		6393029B231591EB00B899F3 /* Search.storyboard in Resources */ = {isa = PBXBuildFile; fileRef = 6393029A231591EB00B899F3 /* Search.storyboard */; };
		639302A523182D3000B899F3 /* Montserrat in Resources */ = {isa = PBXBuildFile; fileRef = 639302A423182D3000B899F3 /* Montserrat */; };
		B5166B1523142D750009EA8E /* AppDelegate.swift in Sources */ = {isa = PBXBuildFile; fileRef = B5166B1423142D750009EA8E /* AppDelegate.swift */; };
		B5166B1723142D750009EA8E /* LoginVC.swift in Sources */ = {isa = PBXBuildFile; fileRef = B5166B1623142D750009EA8E /* LoginVC.swift */; };
		B5166B1A23142D750009EA8E /* Main.storyboard in Resources */ = {isa = PBXBuildFile; fileRef = B5166B1823142D750009EA8E /* Main.storyboard */; };
		B5166B1D23142D750009EA8E /* Foodie_Fun.xcdatamodeld in Sources */ = {isa = PBXBuildFile; fileRef = B5166B1B23142D750009EA8E /* Foodie_Fun.xcdatamodeld */; };
		B5166B1F23142D770009EA8E /* Assets.xcassets in Resources */ = {isa = PBXBuildFile; fileRef = B5166B1E23142D770009EA8E /* Assets.xcassets */; };
		B5166B2223142D770009EA8E /* LaunchScreen.storyboard in Resources */ = {isa = PBXBuildFile; fileRef = B5166B2023142D770009EA8E /* LaunchScreen.storyboard */; };
		B5166B33231445380009EA8E /* Service.swift in Sources */ = {isa = PBXBuildFile; fileRef = B5166B32231445380009EA8E /* Service.swift */; };
		B5166B35231447C80009EA8E /* Router.swift in Sources */ = {isa = PBXBuildFile; fileRef = B5166B34231447C80009EA8E /* Router.swift */; };
		B5166B372314491F0009EA8E /* SettingsController.swift in Sources */ = {isa = PBXBuildFile; fileRef = B5166B362314491F0009EA8E /* SettingsController.swift */; };
		B5166B3923144C2B0009EA8E /* JSONParameterEncoder.swift in Sources */ = {isa = PBXBuildFile; fileRef = B5166B3823144C2B0009EA8E /* JSONParameterEncoder.swift */; };
		B5166B3B23144E580009EA8E /* FoodieRouter.swift in Sources */ = {isa = PBXBuildFile; fileRef = B5166B3A23144E580009EA8E /* FoodieRouter.swift */; };
		B5166B3D231477FA0009EA8E /* LoginRequest.swift in Sources */ = {isa = PBXBuildFile; fileRef = B5166B3C231477FA0009EA8E /* LoginRequest.swift */; };
		B5166B3F23147C110009EA8E /* Extensions.swift in Sources */ = {isa = PBXBuildFile; fileRef = B5166B3E23147C110009EA8E /* Extensions.swift */; };
		B5166B4123147C560009EA8E /* Login.swift in Sources */ = {isa = PBXBuildFile; fileRef = B5166B4023147C560009EA8E /* Login.swift */; };
		B5166B4323148C7B0009EA8E /* ReviewRequest.swift in Sources */ = {isa = PBXBuildFile; fileRef = B5166B4223148C7B0009EA8E /* ReviewRequest.swift */; };
		B5166B4523148E5D0009EA8E /* Review.swift in Sources */ = {isa = PBXBuildFile; fileRef = B5166B4423148E5D0009EA8E /* Review.swift */; };
		B5166B47231497350009EA8E /* NetworkManager.swift in Sources */ = {isa = PBXBuildFile; fileRef = B5166B46231497350009EA8E /* NetworkManager.swift */; };
		B5166B49231499550009EA8E /* UserAPIManager.swift in Sources */ = {isa = PBXBuildFile; fileRef = B5166B48231499550009EA8E /* UserAPIManager.swift */; };
		B5166B4B2314A2670009EA8E /* ReviewAPIManager.swift in Sources */ = {isa = PBXBuildFile; fileRef = B5166B4A2314A2670009EA8E /* ReviewAPIManager.swift */; };
		B5166B4D2314A7390009EA8E /* ReturnID.swift in Sources */ = {isa = PBXBuildFile; fileRef = B5166B4C2314A7390009EA8E /* ReturnID.swift */; };
		B527E9D92315AD9400DE51CC /* RegistrationVC.swift in Sources */ = {isa = PBXBuildFile; fileRef = B527E9D82315AD9400DE51CC /* RegistrationVC.swift */; };
		B527E9E12316B98300DE51CC /* ProfileVC.swift in Sources */ = {isa = PBXBuildFile; fileRef = B527E9E02316B98300DE51CC /* ProfileVC.swift */; };
		B527E9E32316BAE000DE51CC /* PostCell.swift in Sources */ = {isa = PBXBuildFile; fileRef = B527E9E22316BAE000DE51CC /* PostCell.swift */; };
		B527E9E52316C1BC00DE51CC /* ViewReviewVC.swift in Sources */ = {isa = PBXBuildFile; fileRef = B527E9E42316C1BC00DE51CC /* ViewReviewVC.swift */; };
		B527E9E72316DA2C00DE51CC /* SearchVC.swift in Sources */ = {isa = PBXBuildFile; fileRef = B527E9E62316DA2C00DE51CC /* SearchVC.swift */; };
		B527E9E92316DB5200DE51CC /* SearchCell.swift in Sources */ = {isa = PBXBuildFile; fileRef = B527E9E82316DB5200DE51CC /* SearchCell.swift */; };
		B527E9EB2316DD8300DE51CC /* CreateReviewVC.swift in Sources */ = {isa = PBXBuildFile; fileRef = B527E9EA2316DD8300DE51CC /* CreateReviewVC.swift */; };
		B527E9ED2316DF1B00DE51CC /* ManageProfileVC.swift in Sources */ = {isa = PBXBuildFile; fileRef = B527E9EC2316DF1B00DE51CC /* ManageProfileVC.swift */; };
		B548AE932316E20000357EA4 /* TabBarVC.swift in Sources */ = {isa = PBXBuildFile; fileRef = B548AE922316E1FF00357EA4 /* TabBarVC.swift */; };
/* End PBXBuildFile section */

/* Begin PBXFileReference section */
		032947ADD9A8A811F8D3B5CA /* Pods-Foodie Fun.debug.xcconfig */ = {isa = PBXFileReference; includeInIndex = 1; lastKnownFileType = text.xcconfig; name = "Pods-Foodie Fun.debug.xcconfig"; path = "Pods/Target Support Files/Pods-Foodie Fun/Pods-Foodie Fun.debug.xcconfig"; sourceTree = "<group>"; };
		13018803B1B5F5A18E814FD3 /* Pods-Foodie Fun.release.xcconfig */ = {isa = PBXFileReference; includeInIndex = 1; lastKnownFileType = text.xcconfig; name = "Pods-Foodie Fun.release.xcconfig"; path = "Pods/Target Support Files/Pods-Foodie Fun/Pods-Foodie Fun.release.xcconfig"; sourceTree = "<group>"; };
		4E4E5EE124BEE48EC0FBF0D1 /* Pods_Foodie_Fun.framework */ = {isa = PBXFileReference; explicitFileType = wrapper.framework; includeInIndex = 0; path = Pods_Foodie_Fun.framework; sourceTree = BUILT_PRODUCTS_DIR; };
		6393029623158F8900B899F3 /* Onboarding.storyboard */ = {isa = PBXFileReference; lastKnownFileType = file.storyboard; path = Onboarding.storyboard; sourceTree = "<group>"; };
		63930298231590F600B899F3 /* Account.storyboard */ = {isa = PBXFileReference; lastKnownFileType = file.storyboard; path = Account.storyboard; sourceTree = "<group>"; };
		6393029A231591EB00B899F3 /* Search.storyboard */ = {isa = PBXFileReference; lastKnownFileType = file.storyboard; path = Search.storyboard; sourceTree = "<group>"; };
		639302A423182D3000B899F3 /* Montserrat */ = {isa = PBXFileReference; lastKnownFileType = folder; path = Montserrat; sourceTree = "<group>"; };
		B5166B1123142D750009EA8E /* Foodie Fun.app */ = {isa = PBXFileReference; explicitFileType = wrapper.application; includeInIndex = 0; path = "Foodie Fun.app"; sourceTree = BUILT_PRODUCTS_DIR; };
		B5166B1423142D750009EA8E /* AppDelegate.swift */ = {isa = PBXFileReference; lastKnownFileType = sourcecode.swift; path = AppDelegate.swift; sourceTree = "<group>"; };
		B5166B1623142D750009EA8E /* LoginVC.swift */ = {isa = PBXFileReference; lastKnownFileType = sourcecode.swift; path = LoginVC.swift; sourceTree = "<group>"; };
		B5166B1923142D750009EA8E /* Base */ = {isa = PBXFileReference; lastKnownFileType = file.storyboard; name = Base; path = Base.lproj/Main.storyboard; sourceTree = "<group>"; };
		B5166B1C23142D750009EA8E /* Foodie_Fun.xcdatamodel */ = {isa = PBXFileReference; lastKnownFileType = wrapper.xcdatamodel; path = Foodie_Fun.xcdatamodel; sourceTree = "<group>"; };
		B5166B1E23142D770009EA8E /* Assets.xcassets */ = {isa = PBXFileReference; lastKnownFileType = folder.assetcatalog; path = Assets.xcassets; sourceTree = "<group>"; };
		B5166B2123142D770009EA8E /* Base */ = {isa = PBXFileReference; lastKnownFileType = file.storyboard; name = Base; path = Base.lproj/LaunchScreen.storyboard; sourceTree = "<group>"; };
		B5166B2323142D770009EA8E /* Info.plist */ = {isa = PBXFileReference; lastKnownFileType = text.plist.xml; path = Info.plist; sourceTree = "<group>"; };
		B5166B32231445380009EA8E /* Service.swift */ = {isa = PBXFileReference; lastKnownFileType = sourcecode.swift; path = Service.swift; sourceTree = "<group>"; };
		B5166B34231447C80009EA8E /* Router.swift */ = {isa = PBXFileReference; lastKnownFileType = sourcecode.swift; path = Router.swift; sourceTree = "<group>"; };
		B5166B362314491F0009EA8E /* SettingsController.swift */ = {isa = PBXFileReference; lastKnownFileType = sourcecode.swift; path = SettingsController.swift; sourceTree = "<group>"; };
		B5166B3823144C2B0009EA8E /* JSONParameterEncoder.swift */ = {isa = PBXFileReference; lastKnownFileType = sourcecode.swift; path = JSONParameterEncoder.swift; sourceTree = "<group>"; };
		B5166B3A23144E580009EA8E /* FoodieRouter.swift */ = {isa = PBXFileReference; lastKnownFileType = sourcecode.swift; path = FoodieRouter.swift; sourceTree = "<group>"; };
		B5166B3C231477FA0009EA8E /* LoginRequest.swift */ = {isa = PBXFileReference; lastKnownFileType = sourcecode.swift; path = LoginRequest.swift; sourceTree = "<group>"; };
		B5166B3E23147C110009EA8E /* Extensions.swift */ = {isa = PBXFileReference; lastKnownFileType = sourcecode.swift; path = Extensions.swift; sourceTree = "<group>"; };
		B5166B4023147C560009EA8E /* Login.swift */ = {isa = PBXFileReference; lastKnownFileType = sourcecode.swift; path = Login.swift; sourceTree = "<group>"; };
		B5166B4223148C7B0009EA8E /* ReviewRequest.swift */ = {isa = PBXFileReference; lastKnownFileType = sourcecode.swift; path = ReviewRequest.swift; sourceTree = "<group>"; };
		B5166B4423148E5D0009EA8E /* Review.swift */ = {isa = PBXFileReference; lastKnownFileType = sourcecode.swift; path = Review.swift; sourceTree = "<group>"; };
		B5166B46231497350009EA8E /* NetworkManager.swift */ = {isa = PBXFileReference; lastKnownFileType = sourcecode.swift; path = NetworkManager.swift; sourceTree = "<group>"; };
		B5166B48231499550009EA8E /* UserAPIManager.swift */ = {isa = PBXFileReference; lastKnownFileType = sourcecode.swift; path = UserAPIManager.swift; sourceTree = "<group>"; };
		B5166B4A2314A2670009EA8E /* ReviewAPIManager.swift */ = {isa = PBXFileReference; lastKnownFileType = sourcecode.swift; path = ReviewAPIManager.swift; sourceTree = "<group>"; };
		B5166B4C2314A7390009EA8E /* ReturnID.swift */ = {isa = PBXFileReference; lastKnownFileType = sourcecode.swift; path = ReturnID.swift; sourceTree = "<group>"; };
		B527E9D82315AD9400DE51CC /* RegistrationVC.swift */ = {isa = PBXFileReference; lastKnownFileType = sourcecode.swift; path = RegistrationVC.swift; sourceTree = "<group>"; };
		B527E9E02316B98300DE51CC /* ProfileVC.swift */ = {isa = PBXFileReference; lastKnownFileType = sourcecode.swift; path = ProfileVC.swift; sourceTree = "<group>"; };
		B527E9E22316BAE000DE51CC /* PostCell.swift */ = {isa = PBXFileReference; lastKnownFileType = sourcecode.swift; path = PostCell.swift; sourceTree = "<group>"; };
		B527E9E42316C1BC00DE51CC /* ViewReviewVC.swift */ = {isa = PBXFileReference; lastKnownFileType = sourcecode.swift; path = ViewReviewVC.swift; sourceTree = "<group>"; };
		B527E9E62316DA2C00DE51CC /* SearchVC.swift */ = {isa = PBXFileReference; lastKnownFileType = sourcecode.swift; path = SearchVC.swift; sourceTree = "<group>"; };
		B527E9E82316DB5200DE51CC /* SearchCell.swift */ = {isa = PBXFileReference; lastKnownFileType = sourcecode.swift; path = SearchCell.swift; sourceTree = "<group>"; };
		B527E9EA2316DD8300DE51CC /* CreateReviewVC.swift */ = {isa = PBXFileReference; lastKnownFileType = sourcecode.swift; path = CreateReviewVC.swift; sourceTree = "<group>"; };
		B527E9EC2316DF1B00DE51CC /* ManageProfileVC.swift */ = {isa = PBXFileReference; lastKnownFileType = sourcecode.swift; path = ManageProfileVC.swift; sourceTree = "<group>"; };
		B548AE922316E1FF00357EA4 /* TabBarVC.swift */ = {isa = PBXFileReference; fileEncoding = 4; lastKnownFileType = sourcecode.swift; path = TabBarVC.swift; sourceTree = "<group>"; };
/* End PBXFileReference section */

/* Begin PBXFrameworksBuildPhase section */
		B5166B0E23142D750009EA8E /* Frameworks */ = {
			isa = PBXFrameworksBuildPhase;
			buildActionMask = 2147483647;
			files = (
				619F6FD1DA2923569A11D3C5 /* Pods_Foodie_Fun.framework in Frameworks */,
			);
			runOnlyForDeploymentPostprocessing = 0;
		};
/* End PBXFrameworksBuildPhase section */

/* Begin PBXGroup section */
		873822A730F768C47670192D /* Pods */ = {
			isa = PBXGroup;
			children = (
				032947ADD9A8A811F8D3B5CA /* Pods-Foodie Fun.debug.xcconfig */,
				13018803B1B5F5A18E814FD3 /* Pods-Foodie Fun.release.xcconfig */,
			);
			name = Pods;
			sourceTree = "<group>";
		};
		B5166B0823142D750009EA8E = {
			isa = PBXGroup;
			children = (
				B5166B1323142D750009EA8E /* Foodie Fun */,
				B5166B1223142D750009EA8E /* Products */,
				873822A730F768C47670192D /* Pods */,
				F063A8FA38AE9FC8F3DD955E /* Frameworks */,
			);
			sourceTree = "<group>";
		};
		B5166B1223142D750009EA8E /* Products */ = {
			isa = PBXGroup;
			children = (
				B5166B1123142D750009EA8E /* Foodie Fun.app */,
			);
			name = Products;
			sourceTree = "<group>";
		};
		B5166B1323142D750009EA8E /* Foodie Fun */ = {
			isa = PBXGroup;
			children = (
				B5166B31231445190009EA8E /* Networking */,
				B5166B2A23142DA30009EA8E /* Storyboards */,
				B5166B2B23142DA30009EA8E /* Resources */,
				B5166B2F23142DA30009EA8E /* Views */,
				B5166B2C23142DA30009EA8E /* View Controllers */,
				B5166B2D23142DA30009EA8E /* Models */,
				B5166B2E23142DA30009EA8E /* Model Controllers */,
				B5166B3023142DA30009EA8E /* Helpers */,
			);
			path = "Foodie Fun";
			sourceTree = "<group>";
		};
		B5166B2A23142DA30009EA8E /* Storyboards */ = {
			isa = PBXGroup;
			children = (
				6393029623158F8900B899F3 /* Onboarding.storyboard */,
				6393029A231591EB00B899F3 /* Search.storyboard */,
				63930298231590F600B899F3 /* Account.storyboard */,
				B5166B1823142D750009EA8E /* Main.storyboard */,
				B5166B2023142D770009EA8E /* LaunchScreen.storyboard */,
			);
			path = Storyboards;
			sourceTree = "<group>";
		};
		B5166B2B23142DA30009EA8E /* Resources */ = {
			isa = PBXGroup;
			children = (
				639302A423182D3000B899F3 /* Montserrat */,
				B5166B1E23142D770009EA8E /* Assets.xcassets */,
				B5166B2323142D770009EA8E /* Info.plist */,
				B5166B1423142D750009EA8E /* AppDelegate.swift */,
			);
			path = Resources;
			sourceTree = "<group>";
		};
		B5166B2C23142DA30009EA8E /* View Controllers */ = {
			isa = PBXGroup;
			children = (
				B5166B1623142D750009EA8E /* LoginVC.swift */,
				B548AE922316E1FF00357EA4 /* TabBarVC.swift */,
				B527E9D82315AD9400DE51CC /* RegistrationVC.swift */,
				B527E9E02316B98300DE51CC /* ProfileVC.swift */,
				B527E9E42316C1BC00DE51CC /* ViewReviewVC.swift */,
				B527E9E62316DA2C00DE51CC /* SearchVC.swift */,
				B527E9EA2316DD8300DE51CC /* CreateReviewVC.swift */,
				B527E9EC2316DF1B00DE51CC /* ManageProfileVC.swift */,
			);
			path = "View Controllers";
			sourceTree = "<group>";
		};
		B5166B2D23142DA30009EA8E /* Models */ = {
			isa = PBXGroup;
			children = (
				B5166B1B23142D750009EA8E /* Foodie_Fun.xcdatamodeld */,
				B5166B3C231477FA0009EA8E /* LoginRequest.swift */,
				B5166B4023147C560009EA8E /* Login.swift */,
				B5166B4223148C7B0009EA8E /* ReviewRequest.swift */,
				B5166B4423148E5D0009EA8E /* Review.swift */,
				B5166B4C2314A7390009EA8E /* ReturnID.swift */,
			);
			path = Models;
			sourceTree = "<group>";
		};
		B5166B2E23142DA30009EA8E /* Model Controllers */ = {
			isa = PBXGroup;
			children = (
			);
			path = "Model Controllers";
			sourceTree = "<group>";
		};
		B5166B2F23142DA30009EA8E /* Views */ = {
			isa = PBXGroup;
			children = (
				B527E9E22316BAE000DE51CC /* PostCell.swift */,
				B527E9E82316DB5200DE51CC /* SearchCell.swift */,
			);
			path = Views;
			sourceTree = "<group>";
		};
		B5166B3023142DA30009EA8E /* Helpers */ = {
			isa = PBXGroup;
			children = (
				B5166B362314491F0009EA8E /* SettingsController.swift */,
				B5166B3E23147C110009EA8E /* Extensions.swift */,
			);
			path = Helpers;
			sourceTree = "<group>";
		};
		B5166B31231445190009EA8E /* Networking */ = {
			isa = PBXGroup;
			children = (
				B5166B32231445380009EA8E /* Service.swift */,
				B5166B34231447C80009EA8E /* Router.swift */,
				B5166B3823144C2B0009EA8E /* JSONParameterEncoder.swift */,
				B5166B3A23144E580009EA8E /* FoodieRouter.swift */,
				B527E9D72315A84500DE51CC /* API Managers */,
			);
			path = Networking;
			sourceTree = "<group>";
		};
		B527E9D72315A84500DE51CC /* API Managers */ = {
			isa = PBXGroup;
			children = (
				B5166B46231497350009EA8E /* NetworkManager.swift */,
				B5166B48231499550009EA8E /* UserAPIManager.swift */,
				B5166B4A2314A2670009EA8E /* ReviewAPIManager.swift */,
			);
			path = "API Managers";
			sourceTree = "<group>";
		};
		F063A8FA38AE9FC8F3DD955E /* Frameworks */ = {
			isa = PBXGroup;
			children = (
				4E4E5EE124BEE48EC0FBF0D1 /* Pods_Foodie_Fun.framework */,
			);
			name = Frameworks;
			sourceTree = "<group>";
		};
/* End PBXGroup section */

/* Begin PBXNativeTarget section */
		B5166B1023142D750009EA8E /* Foodie Fun */ = {
			isa = PBXNativeTarget;
			buildConfigurationList = B5166B2623142D770009EA8E /* Build configuration list for PBXNativeTarget "Foodie Fun" */;
			buildPhases = (
				83F0B9851F1B7DB463525C37 /* [CP] Check Pods Manifest.lock */,
				B5166B0D23142D750009EA8E /* Sources */,
				B5166B0E23142D750009EA8E /* Frameworks */,
				B5166B0F23142D750009EA8E /* Resources */,
				1E0953E46AF0F14B5F99EB7A /* [CP] Embed Pods Frameworks */,
			);
			buildRules = (
			);
			dependencies = (
			);
			name = "Foodie Fun";
			productName = "Foodie Fun";
			productReference = B5166B1123142D750009EA8E /* Foodie Fun.app */;
			productType = "com.apple.product-type.application";
		};
/* End PBXNativeTarget section */

/* Begin PBXProject section */
		B5166B0923142D750009EA8E /* Project object */ = {
			isa = PBXProject;
			attributes = {
				LastSwiftUpdateCheck = 1030;
				LastUpgradeCheck = 1030;
				ORGANIZATIONNAME = Lambda;
				TargetAttributes = {
					B5166B1023142D750009EA8E = {
						CreatedOnToolsVersion = 10.3;
					};
				};
			};
			buildConfigurationList = B5166B0C23142D750009EA8E /* Build configuration list for PBXProject "Foodie Fun" */;
			compatibilityVersion = "Xcode 9.3";
			developmentRegion = en;
			hasScannedForEncodings = 0;
			knownRegions = (
				en,
				Base,
			);
			mainGroup = B5166B0823142D750009EA8E;
			productRefGroup = B5166B1223142D750009EA8E /* Products */;
			projectDirPath = "";
			projectRoot = "";
			targets = (
				B5166B1023142D750009EA8E /* Foodie Fun */,
			);
		};
/* End PBXProject section */

/* Begin PBXResourcesBuildPhase section */
		B5166B0F23142D750009EA8E /* Resources */ = {
			isa = PBXResourcesBuildPhase;
			buildActionMask = 2147483647;
			files = (
				B5166B2223142D770009EA8E /* LaunchScreen.storyboard in Resources */,
				B5166B1F23142D770009EA8E /* Assets.xcassets in Resources */,
				639302A523182D3000B899F3 /* Montserrat in Resources */,
				63930299231590F600B899F3 /* Account.storyboard in Resources */,
				B5166B1A23142D750009EA8E /* Main.storyboard in Resources */,
				6393029B231591EB00B899F3 /* Search.storyboard in Resources */,
				6393029723158F8900B899F3 /* Onboarding.storyboard in Resources */,
			);
			runOnlyForDeploymentPostprocessing = 0;
		};
/* End PBXResourcesBuildPhase section */

/* Begin PBXShellScriptBuildPhase section */
		1E0953E46AF0F14B5F99EB7A /* [CP] Embed Pods Frameworks */ = {
			isa = PBXShellScriptBuildPhase;
			buildActionMask = 2147483647;
			files = (
			);
			inputPaths = (
				"${SRCROOT}/Pods/Target Support Files/Pods-Foodie Fun/Pods-Foodie Fun-frameworks.sh",
				"${BUILT_PRODUCTS_DIR}/KeychainAccess/KeychainAccess.framework",
			);
			name = "[CP] Embed Pods Frameworks";
			outputPaths = (
				"${TARGET_BUILD_DIR}/${FRAMEWORKS_FOLDER_PATH}/KeychainAccess.framework",
			);
			runOnlyForDeploymentPostprocessing = 0;
			shellPath = /bin/sh;
			shellScript = "\"${SRCROOT}/Pods/Target Support Files/Pods-Foodie Fun/Pods-Foodie Fun-frameworks.sh\"\n";
			showEnvVarsInLog = 0;
		};
		83F0B9851F1B7DB463525C37 /* [CP] Check Pods Manifest.lock */ = {
			isa = PBXShellScriptBuildPhase;
			buildActionMask = 2147483647;
			files = (
			);
			inputPaths = (
				"${PODS_PODFILE_DIR_PATH}/Podfile.lock",
				"${PODS_ROOT}/Manifest.lock",
			);
			name = "[CP] Check Pods Manifest.lock";
			outputPaths = (
				"$(DERIVED_FILE_DIR)/Pods-Foodie Fun-checkManifestLockResult.txt",
			);
			runOnlyForDeploymentPostprocessing = 0;
			shellPath = /bin/sh;
			shellScript = "diff \"${PODS_PODFILE_DIR_PATH}/Podfile.lock\" \"${PODS_ROOT}/Manifest.lock\" > /dev/null\nif [ $? != 0 ] ; then\n    # print error to STDERR\n    echo \"error: The sandbox is not in sync with the Podfile.lock. Run 'pod install' or update your CocoaPods installation.\" >&2\n    exit 1\nfi\n# This output is used by Xcode 'outputs' to avoid re-running this script phase.\necho \"SUCCESS\" > \"${SCRIPT_OUTPUT_FILE_0}\"\n";
			showEnvVarsInLog = 0;
		};
/* End PBXShellScriptBuildPhase section */

/* Begin PBXSourcesBuildPhase section */
		B5166B0D23142D750009EA8E /* Sources */ = {
			isa = PBXSourcesBuildPhase;
			buildActionMask = 2147483647;
			files = (
				B5166B3D231477FA0009EA8E /* LoginRequest.swift in Sources */,
				B5166B372314491F0009EA8E /* SettingsController.swift in Sources */,
				B527E9ED2316DF1B00DE51CC /* ManageProfileVC.swift in Sources */,
				B5166B1723142D750009EA8E /* LoginVC.swift in Sources */,
				B527E9E12316B98300DE51CC /* ProfileVC.swift in Sources */,
				B5166B49231499550009EA8E /* UserAPIManager.swift in Sources */,
				B527E9E52316C1BC00DE51CC /* ViewReviewVC.swift in Sources */,
				B5166B33231445380009EA8E /* Service.swift in Sources */,
				B548AE932316E20000357EA4 /* TabBarVC.swift in Sources */,
				B5166B35231447C80009EA8E /* Router.swift in Sources */,
				B5166B4D2314A7390009EA8E /* ReturnID.swift in Sources */,
				B5166B4323148C7B0009EA8E /* ReviewRequest.swift in Sources */,
				B5166B3F23147C110009EA8E /* Extensions.swift in Sources */,
				B5166B4B2314A2670009EA8E /* ReviewAPIManager.swift in Sources */,
				B527E9E72316DA2C00DE51CC /* SearchVC.swift in Sources */,
				B5166B3B23144E580009EA8E /* FoodieRouter.swift in Sources */,
				B5166B4523148E5D0009EA8E /* Review.swift in Sources */,
				B5166B1523142D750009EA8E /* AppDelegate.swift in Sources */,
				B527E9D92315AD9400DE51CC /* RegistrationVC.swift in Sources */,
				B5166B47231497350009EA8E /* NetworkManager.swift in Sources */,
				B5166B3923144C2B0009EA8E /* JSONParameterEncoder.swift in Sources */,
				B5166B1D23142D750009EA8E /* Foodie_Fun.xcdatamodeld in Sources */,
				B5166B4123147C560009EA8E /* Login.swift in Sources */,
				B527E9E32316BAE000DE51CC /* PostCell.swift in Sources */,
				B527E9EB2316DD8300DE51CC /* CreateReviewVC.swift in Sources */,
				B527E9E92316DB5200DE51CC /* SearchCell.swift in Sources */,
			);
			runOnlyForDeploymentPostprocessing = 0;
		};
/* End PBXSourcesBuildPhase section */

/* Begin PBXVariantGroup section */
		B5166B1823142D750009EA8E /* Main.storyboard */ = {
			isa = PBXVariantGroup;
			children = (
				B5166B1923142D750009EA8E /* Base */,
			);
			name = Main.storyboard;
			sourceTree = "<group>";
		};
		B5166B2023142D770009EA8E /* LaunchScreen.storyboard */ = {
			isa = PBXVariantGroup;
			children = (
				B5166B2123142D770009EA8E /* Base */,
			);
			name = LaunchScreen.storyboard;
			sourceTree = "<group>";
		};
/* End PBXVariantGroup section */

/* Begin XCBuildConfiguration section */
		B5166B2423142D770009EA8E /* Debug */ = {
			isa = XCBuildConfiguration;
			buildSettings = {
				ALWAYS_SEARCH_USER_PATHS = NO;
				CLANG_ANALYZER_NONNULL = YES;
				CLANG_ANALYZER_NUMBER_OBJECT_CONVERSION = YES_AGGRESSIVE;
				CLANG_CXX_LANGUAGE_STANDARD = "gnu++14";
				CLANG_CXX_LIBRARY = "libc++";
				CLANG_ENABLE_MODULES = YES;
				CLANG_ENABLE_OBJC_ARC = YES;
				CLANG_ENABLE_OBJC_WEAK = YES;
				CLANG_WARN_BLOCK_CAPTURE_AUTORELEASING = YES;
				CLANG_WARN_BOOL_CONVERSION = YES;
				CLANG_WARN_COMMA = YES;
				CLANG_WARN_CONSTANT_CONVERSION = YES;
				CLANG_WARN_DEPRECATED_OBJC_IMPLEMENTATIONS = YES;
				CLANG_WARN_DIRECT_OBJC_ISA_USAGE = YES_ERROR;
				CLANG_WARN_DOCUMENTATION_COMMENTS = YES;
				CLANG_WARN_EMPTY_BODY = YES;
				CLANG_WARN_ENUM_CONVERSION = YES;
				CLANG_WARN_INFINITE_RECURSION = YES;
				CLANG_WARN_INT_CONVERSION = YES;
				CLANG_WARN_NON_LITERAL_NULL_CONVERSION = YES;
				CLANG_WARN_OBJC_IMPLICIT_RETAIN_SELF = YES;
				CLANG_WARN_OBJC_LITERAL_CONVERSION = YES;
				CLANG_WARN_OBJC_ROOT_CLASS = YES_ERROR;
				CLANG_WARN_RANGE_LOOP_ANALYSIS = YES;
				CLANG_WARN_STRICT_PROTOTYPES = YES;
				CLANG_WARN_SUSPICIOUS_MOVE = YES;
				CLANG_WARN_UNGUARDED_AVAILABILITY = YES_AGGRESSIVE;
				CLANG_WARN_UNREACHABLE_CODE = YES;
				CLANG_WARN__DUPLICATE_METHOD_MATCH = YES;
				CODE_SIGN_IDENTITY = "iPhone Developer";
				COPY_PHASE_STRIP = NO;
				DEBUG_INFORMATION_FORMAT = dwarf;
				ENABLE_STRICT_OBJC_MSGSEND = YES;
				ENABLE_TESTABILITY = YES;
				GCC_C_LANGUAGE_STANDARD = gnu11;
				GCC_DYNAMIC_NO_PIC = NO;
				GCC_NO_COMMON_BLOCKS = YES;
				GCC_OPTIMIZATION_LEVEL = 0;
				GCC_PREPROCESSOR_DEFINITIONS = (
					"DEBUG=1",
					"$(inherited)",
				);
				GCC_WARN_64_TO_32_BIT_CONVERSION = YES;
				GCC_WARN_ABOUT_RETURN_TYPE = YES_ERROR;
				GCC_WARN_UNDECLARED_SELECTOR = YES;
				GCC_WARN_UNINITIALIZED_AUTOS = YES_AGGRESSIVE;
				GCC_WARN_UNUSED_FUNCTION = YES;
				GCC_WARN_UNUSED_VARIABLE = YES;
				IPHONEOS_DEPLOYMENT_TARGET = 12.4;
				MTL_ENABLE_DEBUG_INFO = INCLUDE_SOURCE;
				MTL_FAST_MATH = YES;
				ONLY_ACTIVE_ARCH = YES;
				SDKROOT = iphoneos;
				SWIFT_ACTIVE_COMPILATION_CONDITIONS = DEBUG;
				SWIFT_OPTIMIZATION_LEVEL = "-Onone";
			};
			name = Debug;
		};
		B5166B2523142D770009EA8E /* Release */ = {
			isa = XCBuildConfiguration;
			buildSettings = {
				ALWAYS_SEARCH_USER_PATHS = NO;
				CLANG_ANALYZER_NONNULL = YES;
				CLANG_ANALYZER_NUMBER_OBJECT_CONVERSION = YES_AGGRESSIVE;
				CLANG_CXX_LANGUAGE_STANDARD = "gnu++14";
				CLANG_CXX_LIBRARY = "libc++";
				CLANG_ENABLE_MODULES = YES;
				CLANG_ENABLE_OBJC_ARC = YES;
				CLANG_ENABLE_OBJC_WEAK = YES;
				CLANG_WARN_BLOCK_CAPTURE_AUTORELEASING = YES;
				CLANG_WARN_BOOL_CONVERSION = YES;
				CLANG_WARN_COMMA = YES;
				CLANG_WARN_CONSTANT_CONVERSION = YES;
				CLANG_WARN_DEPRECATED_OBJC_IMPLEMENTATIONS = YES;
				CLANG_WARN_DIRECT_OBJC_ISA_USAGE = YES_ERROR;
				CLANG_WARN_DOCUMENTATION_COMMENTS = YES;
				CLANG_WARN_EMPTY_BODY = YES;
				CLANG_WARN_ENUM_CONVERSION = YES;
				CLANG_WARN_INFINITE_RECURSION = YES;
				CLANG_WARN_INT_CONVERSION = YES;
				CLANG_WARN_NON_LITERAL_NULL_CONVERSION = YES;
				CLANG_WARN_OBJC_IMPLICIT_RETAIN_SELF = YES;
				CLANG_WARN_OBJC_LITERAL_CONVERSION = YES;
				CLANG_WARN_OBJC_ROOT_CLASS = YES_ERROR;
				CLANG_WARN_RANGE_LOOP_ANALYSIS = YES;
				CLANG_WARN_STRICT_PROTOTYPES = YES;
				CLANG_WARN_SUSPICIOUS_MOVE = YES;
				CLANG_WARN_UNGUARDED_AVAILABILITY = YES_AGGRESSIVE;
				CLANG_WARN_UNREACHABLE_CODE = YES;
				CLANG_WARN__DUPLICATE_METHOD_MATCH = YES;
				CODE_SIGN_IDENTITY = "iPhone Developer";
				COPY_PHASE_STRIP = NO;
				DEBUG_INFORMATION_FORMAT = "dwarf-with-dsym";
				ENABLE_NS_ASSERTIONS = NO;
				ENABLE_STRICT_OBJC_MSGSEND = YES;
				GCC_C_LANGUAGE_STANDARD = gnu11;
				GCC_NO_COMMON_BLOCKS = YES;
				GCC_WARN_64_TO_32_BIT_CONVERSION = YES;
				GCC_WARN_ABOUT_RETURN_TYPE = YES_ERROR;
				GCC_WARN_UNDECLARED_SELECTOR = YES;
				GCC_WARN_UNINITIALIZED_AUTOS = YES_AGGRESSIVE;
				GCC_WARN_UNUSED_FUNCTION = YES;
				GCC_WARN_UNUSED_VARIABLE = YES;
				IPHONEOS_DEPLOYMENT_TARGET = 12.4;
				MTL_ENABLE_DEBUG_INFO = NO;
				MTL_FAST_MATH = YES;
				SDKROOT = iphoneos;
				SWIFT_COMPILATION_MODE = wholemodule;
				SWIFT_OPTIMIZATION_LEVEL = "-O";
				VALIDATE_PRODUCT = YES;
			};
			name = Release;
		};
		B5166B2723142D770009EA8E /* Debug */ = {
			isa = XCBuildConfiguration;
			baseConfigurationReference = 032947ADD9A8A811F8D3B5CA /* Pods-Foodie Fun.debug.xcconfig */;
			buildSettings = {
				ASSETCATALOG_COMPILER_APPICON_NAME = AppIcon;
				CODE_SIGN_STYLE = Automatic;
				DEVELOPMENT_TEAM = VXUQXR6S56;
				INFOPLIST_FILE = "$(SRCROOT)/Foodie Fun/Resources/Info.plist";
				LD_RUNPATH_SEARCH_PATHS = (
					"$(inherited)",
					"@executable_path/Frameworks",
				);
				PRODUCT_BUNDLE_IDENTIFIER = "com.lambda.Foodie-Fun";
				PRODUCT_NAME = "$(TARGET_NAME)";
				SWIFT_VERSION = 5.0;
				TARGETED_DEVICE_FAMILY = "1,2";
			};
			name = Debug;
		};
		B5166B2823142D770009EA8E /* Release */ = {
			isa = XCBuildConfiguration;
			baseConfigurationReference = 13018803B1B5F5A18E814FD3 /* Pods-Foodie Fun.release.xcconfig */;
			buildSettings = {
				ASSETCATALOG_COMPILER_APPICON_NAME = AppIcon;
				CODE_SIGN_STYLE = Automatic;
				DEVELOPMENT_TEAM = VXUQXR6S56;
				INFOPLIST_FILE = "$(SRCROOT)/Foodie Fun/Resources/Info.plist";
				LD_RUNPATH_SEARCH_PATHS = (
					"$(inherited)",
					"@executable_path/Frameworks",
				);
				PRODUCT_BUNDLE_IDENTIFIER = "com.lambda.Foodie-Fun";
				PRODUCT_NAME = "$(TARGET_NAME)";
				SWIFT_VERSION = 5.0;
				TARGETED_DEVICE_FAMILY = "1,2";
			};
			name = Release;
		};
/* End XCBuildConfiguration section */

/* Begin XCConfigurationList section */
		B5166B0C23142D750009EA8E /* Build configuration list for PBXProject "Foodie Fun" */ = {
			isa = XCConfigurationList;
			buildConfigurations = (
				B5166B2423142D770009EA8E /* Debug */,
				B5166B2523142D770009EA8E /* Release */,
			);
			defaultConfigurationIsVisible = 0;
			defaultConfigurationName = Release;
		};
		B5166B2623142D770009EA8E /* Build configuration list for PBXNativeTarget "Foodie Fun" */ = {
			isa = XCConfigurationList;
			buildConfigurations = (
				B5166B2723142D770009EA8E /* Debug */,
				B5166B2823142D770009EA8E /* Release */,
			);
			defaultConfigurationIsVisible = 0;
			defaultConfigurationName = Release;
		};
/* End XCConfigurationList section */

/* Begin XCVersionGroup section */
		B5166B1B23142D750009EA8E /* Foodie_Fun.xcdatamodeld */ = {
			isa = XCVersionGroup;
			children = (
				B5166B1C23142D750009EA8E /* Foodie_Fun.xcdatamodel */,
			);
			currentVersion = B5166B1C23142D750009EA8E /* Foodie_Fun.xcdatamodel */;
			path = Foodie_Fun.xcdatamodeld;
			sourceTree = "<group>";
			versionGroupType = wrapper.xcdatamodel;
		};
/* End XCVersionGroup section */
	};
	rootObject = B5166B0923142D750009EA8E /* Project object */;
}
